lockfileVersion: '6.0'

settings:
  autoInstallPeers: true
  excludeLinksFromLockfile: false

dependencies:
  '@arco-design/web-vue':
    specifier: ^2.48.1
    version: 2.48.1(vue@3.2.47)
  echarts:
    specifier: ^5.4.2
    version: 5.4.2
  vue:
    specifier: ^3.2.25
    version: 3.2.47

devDependencies:
  '@types/chrome':
    specifier: ^0.0.240
    version: 0.0.240
  '@types/node':
    specifier: ^20.4.0
    version: 20.4.0
  '@vitejs/plugin-vue':
    specifier: ^4.2.1
    version: 4.2.1(vite@4.3.5)(vue@3.2.47)
  consola:
    specifier: ^3.2.3
    version: 3.2.3
  sass:
    specifier: ^1.63.6
    version: 1.63.6
  typescript:
    specifier: ^5.0.4
    version: 5.0.4
  vite:
    specifier: ^4.3.5
    version: 4.3.5(@types/node@20.4.0)(sass@1.63.6)
  vite-plugin-crx-mv3:
    specifier: ^0.1.2
    version: 0.1.2
  vite-plugin-style-import:
    specifier: ^2.0.0
    version: 2.0.0(vite@4.3.5)
  vue-tsc:
    specifier: ^1.6.4
    version: 1.6.4(typescript@5.0.4)

packages:

  /@arco-design/color@0.4.0:
    resolution: {integrity: sha512-s7p9MSwJgHeL8DwcATaXvWT3m2SigKpxx4JA1BGPHL4gfvaQsmQfrLBDpjOJFJuJ2jG2dMt3R3P8Pm9E65q18g==}
    dependencies:
      color: 3.2.1
    dev: false

  /@arco-design/web-vue@2.48.1(vue@3.2.47):
    resolution: {integrity: sha512-40EIeTNl+A922zarP55Mpu1XhmLBP2AlXItPiilDLgaznjU5NyFGqvbUsXAqY+GtDzsdkObwxvCVfHjtgGi+wA==}
    peerDependencies:
      vue: ^3.1.0
    dependencies:
      '@arco-design/color': 0.4.0
      b-tween: 0.3.3
      b-validate: 1.5.2
      compute-scroll-into-view: 1.0.20
      dayjs: 1.11.9
      number-precision: 1.6.0
      resize-observer-polyfill: 1.5.1
      scroll-into-view-if-needed: 2.2.31
      vue: 3.2.47
    dev: false

  /@babel/helper-string-parser@7.21.5:
    resolution: {integrity: sha512-5pTUx3hAJaZIdW99sJ6ZUUgWq/Y+Hja7TowEnLNMm1VivRgZQL3vpBY3qUACVsvw+yQU6+YgfBVmcbLaZtrA1w==}
    engines: {node: '>=6.9.0'}

  /@babel/helper-validator-identifier@7.19.1:
    resolution: {integrity: sha512-awrNfaMtnHUr653GgGEs++LlAvW6w+DcPrOliSMXWCKo597CwL5Acf/wWdNkf/tfEQE3mjkeD1YOVZOUV/od1w==}
    engines: {node: '>=6.9.0'}

  /@babel/parser@7.21.8:
    resolution: {integrity: sha512-6zavDGdzG3gUqAdWvlLFfk+36RilI+Pwyuuh7HItyeScCWP3k6i8vKclAQ0bM/0y/Kz/xiwvxhMv9MgTJP5gmA==}
    engines: {node: '>=6.0.0'}
    hasBin: true
    dependencies:
      '@babel/types': 7.21.5

  /@babel/types@7.21.5:
    resolution: {integrity: sha512-m4AfNvVF2mVC/F7fDEdH2El3HzUg9It/XsCxZiOTTA3m3qYfcSVSbTfM6Q9xG+hYDniZssYhlXKKUMD5m8tF4Q==}
    engines: {node: '>=6.9.0'}
    dependencies:
      '@babel/helper-string-parser': 7.21.5
      '@babel/helper-validator-identifier': 7.19.1
      to-fast-properties: 2.0.0

  /@esbuild/android-arm64@0.17.18:
    resolution: {integrity: sha512-/iq0aK0eeHgSC3z55ucMAHO05OIqmQehiGay8eP5l/5l+iEr4EIbh4/MI8xD9qRFjqzgkc0JkX0LculNC9mXBw==}
    engines: {node: '>=12'}
    cpu: [arm64]
    os: [android]
    requiresBuild: true
    dev: true
    optional: true

  /@esbuild/android-arm@0.17.18:
    resolution: {integrity: sha512-EmwL+vUBZJ7mhFCs5lA4ZimpUH3WMAoqvOIYhVQwdIgSpHC8ImHdsRyhHAVxpDYUSm0lWvd63z0XH1IlImS2Qw==}
    engines: {node: '>=12'}
    cpu: [arm]
    os: [android]
    requiresBuild: true
    dev: true
    optional: true

  /@esbuild/android-x64@0.17.18:
    resolution: {integrity: sha512-x+0efYNBF3NPW2Xc5bFOSFW7tTXdAcpfEg2nXmxegm4mJuVeS+i109m/7HMiOQ6M12aVGGFlqJX3RhNdYM2lWg==}
    engines: {node: '>=12'}
    cpu: [x64]
    os: [android]
    requiresBuild: true
    dev: true
    optional: true

  /@esbuild/darwin-arm64@0.17.18:
    resolution: {integrity: sha512-6tY+djEAdF48M1ONWnQb1C+6LiXrKjmqjzPNPWXhu/GzOHTHX2nh8Mo2ZAmBFg0kIodHhciEgUBtcYCAIjGbjQ==}
    engines: {node: '>=12'}
    cpu: [arm64]
    os: [darwin]
    requiresBuild: true
    dev: true
    optional: true

  /@esbuild/darwin-x64@0.17.18:
    resolution: {integrity: sha512-Qq84ykvLvya3dO49wVC9FFCNUfSrQJLbxhoQk/TE1r6MjHo3sFF2tlJCwMjhkBVq3/ahUisj7+EpRSz0/+8+9A==}
    engines: {node: '>=12'}
    cpu: [x64]
    os: [darwin]
    requiresBuild: true
    dev: true
    optional: true

  /@esbuild/freebsd-arm64@0.17.18:
    resolution: {integrity: sha512-fw/ZfxfAzuHfaQeMDhbzxp9mc+mHn1Y94VDHFHjGvt2Uxl10mT4CDavHm+/L9KG441t1QdABqkVYwakMUeyLRA==}
    engines: {node: '>=12'}
    cpu: [arm64]
    os: [freebsd]
    requiresBuild: true
    dev: true
    optional: true

  /@esbuild/freebsd-x64@0.17.18:
    resolution: {integrity: sha512-FQFbRtTaEi8ZBi/A6kxOC0V0E9B/97vPdYjY9NdawyLd4Qk5VD5g2pbWN2VR1c0xhzcJm74HWpObPszWC+qTew==}
    engines: {node: '>=12'}
    cpu: [x64]
    os: [freebsd]
    requiresBuild: true
    dev: true
    optional: true

  /@esbuild/linux-arm64@0.17.18:
    resolution: {integrity: sha512-R7pZvQZFOY2sxUG8P6A21eq6q+eBv7JPQYIybHVf1XkQYC+lT7nDBdC7wWKTrbvMXKRaGudp/dzZCwL/863mZQ==}
    engines: {node: '>=12'}
    cpu: [arm64]
    os: [linux]
    requiresBuild: true
    dev: true
    optional: true

  /@esbuild/linux-arm@0.17.18:
    resolution: {integrity: sha512-jW+UCM40LzHcouIaqv3e/oRs0JM76JfhHjCavPxMUti7VAPh8CaGSlS7cmyrdpzSk7A+8f0hiedHqr/LMnfijg==}
    engines: {node: '>=12'}
    cpu: [arm]
    os: [linux]
    requiresBuild: true
    dev: true
    optional: true

  /@esbuild/linux-ia32@0.17.18:
    resolution: {integrity: sha512-ygIMc3I7wxgXIxk6j3V00VlABIjq260i967Cp9BNAk5pOOpIXmd1RFQJQX9Io7KRsthDrQYrtcx7QCof4o3ZoQ==}
    engines: {node: '>=12'}
    cpu: [ia32]
    os: [linux]
    requiresBuild: true
    dev: true
    optional: true

  /@esbuild/linux-loong64@0.17.18:
    resolution: {integrity: sha512-bvPG+MyFs5ZlwYclCG1D744oHk1Pv7j8psF5TfYx7otCVmcJsEXgFEhQkbhNW8otDHL1a2KDINW20cfCgnzgMQ==}
    engines: {node: '>=12'}
    cpu: [loong64]
    os: [linux]
    requiresBuild: true
    dev: true
    optional: true

  /@esbuild/linux-mips64el@0.17.18:
    resolution: {integrity: sha512-oVqckATOAGuiUOa6wr8TXaVPSa+6IwVJrGidmNZS1cZVx0HqkTMkqFGD2HIx9H1RvOwFeWYdaYbdY6B89KUMxA==}
    engines: {node: '>=12'}
    cpu: [mips64el]
    os: [linux]
    requiresBuild: true
    dev: true
    optional: true

  /@esbuild/linux-ppc64@0.17.18:
    resolution: {integrity: sha512-3dLlQO+b/LnQNxgH4l9rqa2/IwRJVN9u/bK63FhOPB4xqiRqlQAU0qDU3JJuf0BmaH0yytTBdoSBHrb2jqc5qQ==}
    engines: {node: '>=12'}
    cpu: [ppc64]
    os: [linux]
    requiresBuild: true
    dev: true
    optional: true

  /@esbuild/linux-riscv64@0.17.18:
    resolution: {integrity: sha512-/x7leOyDPjZV3TcsdfrSI107zItVnsX1q2nho7hbbQoKnmoeUWjs+08rKKt4AUXju7+3aRZSsKrJtaRmsdL1xA==}
    engines: {node: '>=12'}
    cpu: [riscv64]
    os: [linux]
    requiresBuild: true
    dev: true
    optional: true

  /@esbuild/linux-s390x@0.17.18:
    resolution: {integrity: sha512-cX0I8Q9xQkL/6F5zWdYmVf5JSQt+ZfZD2bJudZrWD+4mnUvoZ3TDDXtDX2mUaq6upMFv9FlfIh4Gfun0tbGzuw==}
    engines: {node: '>=12'}
    cpu: [s390x]
    os: [linux]
    requiresBuild: true
    dev: true
    optional: true

  /@esbuild/linux-x64@0.17.18:
    resolution: {integrity: sha512-66RmRsPlYy4jFl0vG80GcNRdirx4nVWAzJmXkevgphP1qf4dsLQCpSKGM3DUQCojwU1hnepI63gNZdrr02wHUA==}
    engines: {node: '>=12'}
    cpu: [x64]
    os: [linux]
    requiresBuild: true
    dev: true
    optional: true

  /@esbuild/netbsd-x64@0.17.18:
    resolution: {integrity: sha512-95IRY7mI2yrkLlTLb1gpDxdC5WLC5mZDi+kA9dmM5XAGxCME0F8i4bYH4jZreaJ6lIZ0B8hTrweqG1fUyW7jbg==}
    engines: {node: '>=12'}
    cpu: [x64]
    os: [netbsd]
    requiresBuild: true
    dev: true
    optional: true

  /@esbuild/openbsd-x64@0.17.18:
    resolution: {integrity: sha512-WevVOgcng+8hSZ4Q3BKL3n1xTv5H6Nb53cBrtzzEjDbbnOmucEVcZeGCsCOi9bAOcDYEeBZbD2SJNBxlfP3qiA==}
    engines: {node: '>=12'}
    cpu: [x64]
    os: [openbsd]
    requiresBuild: true
    dev: true
    optional: true

  /@esbuild/sunos-x64@0.17.18:
    resolution: {integrity: sha512-Rzf4QfQagnwhQXVBS3BYUlxmEbcV7MY+BH5vfDZekU5eYpcffHSyjU8T0xucKVuOcdCsMo+Ur5wmgQJH2GfNrg==}
    engines: {node: '>=12'}
    cpu: [x64]
    os: [sunos]
    requiresBuild: true
    dev: true
    optional: true

  /@esbuild/win32-arm64@0.17.18:
    resolution: {integrity: sha512-Kb3Ko/KKaWhjeAm2YoT/cNZaHaD1Yk/pa3FTsmqo9uFh1D1Rfco7BBLIPdDOozrObj2sahslFuAQGvWbgWldAg==}
    engines: {node: '>=12'}
    cpu: [arm64]
    os: [win32]
    requiresBuild: true
    dev: true
    optional: true

  /@esbuild/win32-ia32@0.17.18:
    resolution: {integrity: sha512-0/xUMIdkVHwkvxfbd5+lfG7mHOf2FRrxNbPiKWg9C4fFrB8H0guClmaM3BFiRUYrznVoyxTIyC/Ou2B7QQSwmw==}
    engines: {node: '>=12'}
    cpu: [ia32]
    os: [win32]
    requiresBuild: true
    dev: true
    optional: true

  /@esbuild/win32-x64@0.17.18:
    resolution: {integrity: sha512-qU25Ma1I3NqTSHJUOKi9sAH1/Mzuvlke0ioMJRthLXKm7JiSKVwFghlGbDLOO2sARECGhja4xYfRAZNPAkooYg==}
    engines: {node: '>=12'}
    cpu: [x64]
    os: [win32]
    requiresBuild: true
    dev: true
    optional: true

  /@jridgewell/sourcemap-codec@1.4.15:
    resolution: {integrity: sha512-eF2rxCRulEKXHTRiDrDy6erMYWqNw4LPdQ8UQA4huuxaQsVeRPFl2oM8oDGxMFhJUWZf9McpLtJasDDZb/Bpeg==}
    dev: true

  /@rollup/pluginutils@4.2.1:
    resolution: {integrity: sha512-iKnFXr7NkdZAIHiIWE+BX5ULi/ucVFYWD6TbAV+rZctiRTY2PL6tsIKhoIOaoskiWAkgu+VsbXgUVDNLHf+InQ==}
    engines: {node: '>= 8.0.0'}
    dependencies:
      estree-walker: 2.0.2
      picomatch: 2.3.1
    dev: true

  /@types/chrome@0.0.240:
    resolution: {integrity: sha512-aiA2V8+WeJeOqtghX9KLqPT2GfaR2ksmgEZm84TsHAxTwl+tkEKax5oLO2hLptNRc5xQ2tbIRiUc5olIe0TnoQ==}
    dependencies:
      '@types/filesystem': 0.0.32
      '@types/har-format': 1.2.11
    dev: true

  /@types/filesystem@0.0.32:
    resolution: {integrity: sha512-Yuf4jR5YYMR2DVgwuCiP11s0xuVRyPKmz8vo6HBY3CGdeMj8af93CFZX+T82+VD1+UqHOxTq31lO7MI7lepBtQ==}
    dependencies:
      '@types/filewriter': 0.0.29
    dev: true

  /@types/filewriter@0.0.29:
    resolution: {integrity: sha512-BsPXH/irW0ht0Ji6iw/jJaK8Lj3FJemon2gvEqHKpCdDCeemHa+rI3WBGq5z7cDMZgoLjY40oninGxqk+8NzNQ==}
    dev: true

  /@types/har-format@1.2.11:
    resolution: {integrity: sha512-T232/TneofqK30AD1LRrrf8KnjLvzrjWDp7eWST5KoiSzrBfRsLrWDPk4STQPW4NZG6v2MltnduBVmakbZOBIQ==}
    dev: true

  /@types/node@20.4.0:
    resolution: {integrity: sha512-jfT7iTf/4kOQ9S7CHV9BIyRaQqHu67mOjsIQBC3BKZvzvUB6zLxEwJ6sBE3ozcvP8kF6Uk5PXN0Q+c0dfhGX0g==}
    dev: true

  /@vitejs/plugin-vue@4.2.1(vite@4.3.5)(vue@3.2.47):
    resolution: {integrity: sha512-ZTZjzo7bmxTRTkb8GSTwkPOYDIP7pwuyV+RV53c9PYUouwcbkIZIvWvNWlX2b1dYZqtOv7D6iUAnJLVNGcLrSw==}
    engines: {node: ^14.18.0 || >=16.0.0}
    peerDependencies:
      vite: ^4.0.0
      vue: ^3.2.25
    dependencies:
      vite: 4.3.5(@types/node@20.4.0)(sass@1.63.6)
      vue: 3.2.47
    dev: true

  /@volar/language-core@1.4.1:
    resolution: {integrity: sha512-EIY+Swv+TjsWpxOxujjMf1ZXqOjg9MT2VMXZ+1dKva0wD8W0L6EtptFFcCJdBbcKmGMFkr57Qzz9VNMWhs3jXQ==}
    dependencies:
      '@volar/source-map': 1.4.1
    dev: true

  /@volar/source-map@1.4.1:
    resolution: {integrity: sha512-bZ46ad72dsbzuOWPUtJjBXkzSQzzSejuR3CT81+GvTEI2E994D8JPXzM3tl98zyCNnjgs4OkRyliImL1dvJ5BA==}
    dependencies:
      muggle-string: 0.2.2
    dev: true

  /@volar/typescript@1.4.1(typescript@5.0.4):
    resolution: {integrity: sha512-phTy6p9yG6bgMIKQWEeDOi/aeT0njZsb1a/G1mrEuDsLmAn24Le4gDwSsGNhea6Uhu+3gdpUZn2PmZXa+WG2iQ==}
    peerDependencies:
      typescript: '*'
    dependencies:
      '@volar/language-core': 1.4.1
      typescript: 5.0.4
    dev: true

  /@volar/vue-language-core@1.6.4:
    resolution: {integrity: sha512-1o+cAtN2DIDNAX/HS8rkjZc8wTMTK+zCab/qtYbvEVlmokhZiDrQeoD9/l0Ug7YCNg+mVuMNHKNBY7pX8U2/Jw==}
    dependencies:
      '@volar/language-core': 1.4.1
      '@volar/source-map': 1.4.1
      '@vue/compiler-dom': 3.3.0-beta.4
      '@vue/compiler-sfc': 3.3.0-beta.4
      '@vue/reactivity': 3.3.0-beta.4
      '@vue/shared': 3.3.0-beta.4
      minimatch: 9.0.0
      muggle-string: 0.2.2
      vue-template-compiler: 2.7.14
    dev: true

  /@volar/vue-typescript@1.6.4(typescript@5.0.4):
    resolution: {integrity: sha512-qKwgP0KVQR/aaH/SN3AP7RB8NnXPWDn3tjyXP6IT6etxkDeZLBLsXWUD9KMak/RvV1DgbXDuz4F9yuZlbt29rA==}
    peerDependencies:
      typescript: '*'
    dependencies:
      '@volar/typescript': 1.4.1(typescript@5.0.4)
      '@volar/vue-language-core': 1.6.4
      typescript: 5.0.4
    dev: true

  /@vue/compiler-core@3.2.47:
    resolution: {integrity: sha512-p4D7FDnQb7+YJmO2iPEv0SQNeNzcbHdGByJDsT4lynf63AFkOTFN07HsiRSvjGo0QrxR/o3d0hUyNCUnBU2Tig==}
    dependencies:
      '@babel/parser': 7.21.8
      '@vue/shared': 3.2.47
      estree-walker: 2.0.2
      source-map: 0.6.1

  /@vue/compiler-core@3.3.0-beta.4:
    resolution: {integrity: sha512-P4K3tkaAPhv9KSRnqpvPvvE8f8LORXVC0wP9b0sHOU2ooi2k3f7sNtVCMkCOsW0WA6FeZ7Ec4o0e7H9tazXqBQ==}
    dependencies:
      '@babel/parser': 7.21.8
      '@vue/shared': 3.3.0-beta.4
      estree-walker: 2.0.2
      source-map-js: 1.0.2
    dev: true

  /@vue/compiler-dom@3.2.47:
    resolution: {integrity: sha512-dBBnEHEPoftUiS03a4ggEig74J2YBZ2UIeyfpcRM2tavgMWo4bsEfgCGsu+uJIL/vax9S+JztH8NmQerUo7shQ==}
    dependencies:
      '@vue/compiler-core': 3.2.47
      '@vue/shared': 3.2.47

  /@vue/compiler-dom@3.3.0-beta.4:
    resolution: {integrity: sha512-dbMAIqJCIwQTRdDZPGYV/rXzaVr2gkIuXxty/73U4zI6SJNqA2fPZo9Qv27TbKK8PWSUEKT6iqqbxaUszf9ivw==}
    dependencies:
      '@vue/compiler-core': 3.3.0-beta.4
      '@vue/shared': 3.3.0-beta.4
    dev: true

  /@vue/compiler-sfc@3.2.47:
    resolution: {integrity: sha512-rog05W+2IFfxjMcFw10tM9+f7i/+FFpZJJ5XHX72NP9eC2uRD+42M3pYcQqDXVYoj74kHMSEdQ/WmCjt8JFksQ==}
    dependencies:
      '@babel/parser': 7.21.8
      '@vue/compiler-core': 3.2.47
      '@vue/compiler-dom': 3.2.47
      '@vue/compiler-ssr': 3.2.47
      '@vue/reactivity-transform': 3.2.47
      '@vue/shared': 3.2.47
      estree-walker: 2.0.2
      magic-string: 0.25.9
      postcss: 8.4.23
      source-map: 0.6.1

  /@vue/compiler-sfc@3.3.0-beta.4:
    resolution: {integrity: sha512-yL/4Sc67j6HyYBLVBaV8ZgJcufuHq4qSvKzpyzxI4G7KxVf5oTdyxJ+ZigtYw99+kwefBa8tCvkl/+wgIk0x6Q==}
    dependencies:
      '@babel/parser': 7.21.8
      '@vue/compiler-core': 3.3.0-beta.4
      '@vue/compiler-dom': 3.3.0-beta.4
      '@vue/compiler-ssr': 3.3.0-beta.4
      '@vue/reactivity-transform': 3.3.0-beta.4
      '@vue/shared': 3.3.0-beta.4
      estree-walker: 2.0.2
      magic-string: 0.30.0
      postcss: 8.4.23
      source-map-js: 1.0.2
    dev: true

  /@vue/compiler-ssr@3.2.47:
    resolution: {integrity: sha512-wVXC+gszhulcMD8wpxMsqSOpvDZ6xKXSVWkf50Guf/S+28hTAXPDYRTbLQ3EDkOP5Xz/+SY37YiwDquKbJOgZw==}
    dependencies:
      '@vue/compiler-dom': 3.2.47
      '@vue/shared': 3.2.47

  /@vue/compiler-ssr@3.3.0-beta.4:
    resolution: {integrity: sha512-IWTlqvEkkniPV2OJKNQ3ASg/XAu4VkQoxy1cAOE4oTwh3YV6twUaLFK2MAQSlL6Z96PhhcgnrLO+l4v1F8LhZQ==}
    dependencies:
      '@vue/compiler-dom': 3.3.0-beta.4
      '@vue/shared': 3.3.0-beta.4
    dev: true

  /@vue/reactivity-transform@3.2.47:
    resolution: {integrity: sha512-m8lGXw8rdnPVVIdIFhf0LeQ/ixyHkH5plYuS83yop5n7ggVJU+z5v0zecwEnX7fa7HNLBhh2qngJJkxpwEEmYA==}
    dependencies:
      '@babel/parser': 7.21.8
      '@vue/compiler-core': 3.2.47
      '@vue/shared': 3.2.47
      estree-walker: 2.0.2
      magic-string: 0.25.9

  /@vue/reactivity-transform@3.3.0-beta.4:
    resolution: {integrity: sha512-9qukjXoyHcSSGuQkhNvmR1IG9CLUfCZ42VVLq7me47VD/xHh49IpI9NYuNfdO5jH+va6F7EuUkXfiERIxuuebw==}
    dependencies:
      '@babel/parser': 7.21.8
      '@vue/compiler-core': 3.3.0-beta.4
      '@vue/shared': 3.3.0-beta.4
      estree-walker: 2.0.2
      magic-string: 0.30.0
    dev: true

  /@vue/reactivity@3.2.47:
    resolution: {integrity: sha512-7khqQ/75oyyg+N/e+iwV6lpy1f5wq759NdlS1fpAhFXa8VeAIKGgk2E/C4VF59lx5b+Ezs5fpp/5WsRYXQiKxQ==}
    dependencies:
      '@vue/shared': 3.2.47

  /@vue/reactivity@3.3.0-beta.4:
    resolution: {integrity: sha512-Cun0yLgiNz+tqWzOVTIr7R8cv2vtyHk3mQssWMgR6PpgC+91FEUyNvDNkc98L2jJxgVsOhC/ayXWfQR31+Hp9g==}
    dependencies:
      '@vue/shared': 3.3.0-beta.4
    dev: true

  /@vue/runtime-core@3.2.47:
    resolution: {integrity: sha512-RZxbLQIRB/K0ev0K9FXhNbBzT32H9iRtYbaXb0ZIz2usLms/D55dJR2t6cIEUn6vyhS3ALNvNthI+Q95C+NOpA==}
    dependencies:
      '@vue/reactivity': 3.2.47
      '@vue/shared': 3.2.47

  /@vue/runtime-dom@3.2.47:
    resolution: {integrity: sha512-ArXrFTjS6TsDei4qwNvgrdmHtD930KgSKGhS5M+j8QxXrDJYLqYw4RRcDy1bz1m1wMmb6j+zGLifdVHtkXA7gA==}
    dependencies:
      '@vue/runtime-core': 3.2.47
      '@vue/shared': 3.2.47
      csstype: 2.6.21

  /@vue/server-renderer@3.2.47(vue@3.2.47):
    resolution: {integrity: sha512-dN9gc1i8EvmP9RCzvneONXsKfBRgqFeFZLurmHOveL7oH6HiFXJw5OGu294n1nHc/HMgTy6LulU/tv5/A7f/LA==}
    peerDependencies:
      vue: 3.2.47
    dependencies:
      '@vue/compiler-ssr': 3.2.47
      '@vue/shared': 3.2.47
      vue: 3.2.47

  /@vue/shared@3.2.47:
    resolution: {integrity: sha512-BHGyyGN3Q97EZx0taMQ+OLNuZcW3d37ZEVmEAyeoA9ERdGvm9Irc/0Fua8SNyOtV1w6BS4q25wbMzJujO9HIfQ==}

  /@vue/shared@3.3.0-beta.4:
    resolution: {integrity: sha512-yRrdT1FUWhuLNgj3UUasmToYZ0zR0SOdmVyLa0FHIzbnn00LOiK4lZoPRELMRMnyPy6wwwWHRNmItUeWc2ZGPQ==}
    dev: true

  /anymatch@3.1.3:
    resolution: {integrity: sha512-KMReFUr0B4t+D+OBkjR3KYqvocp2XaSzO55UcB6mgQMd3KbcE+mWTyvVV7D/zsdEbNnV6acZUutkiHQXvTr1Rw==}
    engines: {node: '>= 8'}
    dependencies:
      normalize-path: 3.0.0
      picomatch: 2.3.1
    dev: true

  /b-tween@0.3.3:
    resolution: {integrity: sha512-oEHegcRpA7fAuc9KC4nktucuZn2aS8htymCPcP3qkEGPqiBH+GfqtqoG2l7LxHngg6O0HFM7hOeOYExl1Oz4ZA==}
    dev: false

  /b-validate@1.5.2:
    resolution: {integrity: sha512-zhIdocs1x9fJYBMc5Qe2kS3iJv8oRA55S3vV9ucdX+//ySV17PVuGGtwl6lwbbNvdjUt3Pt6ujL0GaVsXJy2ZA==}
    dev: false

  /balanced-match@1.0.2:
    resolution: {integrity: sha512-3oSeUO0TMV67hN1AmbXsK4yaqU7tjiHlbxRDZOpH0KW9+CeX4bRAaX0Anxt0tx2MrpRpWwQaPwIlISEJhYU5Pw==}
    dev: true

  /binary-extensions@2.2.0:
    resolution: {integrity: sha512-jDctJ/IVQbZoJykoeHbhXpOlNBqGNcwXJKJog42E5HDPUwQTSdjCHdihjj0DlnheQ7blbT6dHOafNAiS8ooQKA==}
    engines: {node: '>=8'}
    dev: true

  /brace-expansion@2.0.1:
    resolution: {integrity: sha512-XnAIvQ8eM+kC6aULx6wuQiwVsnzsi9d3WxzV3FpWTGA19F621kwdbsAcFKXgKUHZWsy+mY6iL1sHTxWEFCytDA==}
    dependencies:
      balanced-match: 1.0.2
    dev: true

  /braces@3.0.2:
    resolution: {integrity: sha512-b8um+L1RzM3WDSzvhm6gIz1yfTbBt6YTlcEKAvsmqCZZFw46z626lVj9j1yEPW33H5H+lBQpZMP1k8l+78Ha0A==}
    engines: {node: '>=8'}
    dependencies:
      fill-range: 7.0.1
    dev: true

  /camel-case@4.1.2:
    resolution: {integrity: sha512-gxGWBrTT1JuMx6R+o5PTXMmUnhnVzLQ9SNutD4YqKtI6ap897t3tKECYla6gCWEkplXnlNybEkZg9GEGxKFCgw==}
    dependencies:
      pascal-case: 3.1.2
      tslib: 2.3.0
    dev: true

  /capital-case@1.0.4:
    resolution: {integrity: sha512-ds37W8CytHgwnhGGTi88pcPyR15qoNkOpYwmMMfnWqqWgESapLqvDx6huFjQ5vqWSn2Z06173XNA7LtMOeUh1A==}
    dependencies:
      no-case: 3.0.4
      tslib: 2.3.0
      upper-case-first: 2.0.2
    dev: true

  /change-case@4.1.2:
    resolution: {integrity: sha512-bSxY2ws9OtviILG1EiY5K7NNxkqg/JnRnFxLtKQ96JaviiIxi7djMrSd0ECT9AC+lttClmYwKw53BWpOMblo7A==}
    dependencies:
      camel-case: 4.1.2
      capital-case: 1.0.4
      constant-case: 3.0.4
      dot-case: 3.0.4
      header-case: 2.0.4
      no-case: 3.0.4
      param-case: 3.0.4
      pascal-case: 3.1.2
      path-case: 3.0.4
      sentence-case: 3.0.4
      snake-case: 3.0.4
      tslib: 2.3.0
    dev: true

  /chokidar@3.5.3:
    resolution: {integrity: sha512-Dr3sfKRP6oTcjf2JmUmFJfeVMvXBdegxB0iVQ5eb2V10uFJUCAS8OByZdVAyVb8xXNz3GjjTgj9kLWsZTqE6kw==}
    engines: {node: '>= 8.10.0'}
    dependencies:
      anymatch: 3.1.3
      braces: 3.0.2
      glob-parent: 5.1.2
      is-binary-path: 2.1.0
      is-glob: 4.0.3
      normalize-path: 3.0.0
      readdirp: 3.6.0
    optionalDependencies:
      fsevents: 2.3.2
    dev: true

  /color-convert@1.9.3:
    resolution: {integrity: sha512-QfAUtd+vFdAtFQcC8CCyYt1fYWxSqAiK2cSD6zDB8N3cpsEBAvRxp9zOGg6G/SHHJYAT88/az/IuDGALsNVbGg==}
    dependencies:
      color-name: 1.1.3
    dev: false

  /color-name@1.1.3:
    resolution: {integrity: sha512-72fSenhMw2HZMTVHeCA9KCmpEIbzWiQsjN+BHcBbS9vr1mtt+vJjPdksIBNUmKAW8TFUDPJK5SUU3QhE9NEXDw==}
    dev: false

  /color-name@1.1.4:
    resolution: {integrity: sha512-dOy+3AuW3a2wNbZHIuMZpTcgjGuLU/uBL/ubcZF9OXbDo8ff4O8yVp5Bf0efS8uEoYo5q4Fx7dY9OgQGXgAsQA==}
    dev: false

  /color-string@1.9.1:
    resolution: {integrity: sha512-shrVawQFojnZv6xM40anx4CkoDP+fZsw/ZerEMsW/pyzsRbElpsL/DBVW7q3ExxwusdNXI3lXpuhEZkzs8p5Eg==}
    dependencies:
      color-name: 1.1.4
      simple-swizzle: 0.2.2
    dev: false

  /color@3.2.1:
    resolution: {integrity: sha512-aBl7dZI9ENN6fUGC7mWpMTPNHmWUSNan9tuWN6ahh5ZLNk9baLJOnSMlrQkHcrfFgz2/RigjUVAjdx36VcemKA==}
    dependencies:
      color-convert: 1.9.3
      color-string: 1.9.1
    dev: false

  /compute-scroll-into-view@1.0.20:
    resolution: {integrity: sha512-UCB0ioiyj8CRjtrvaceBLqqhZCVP+1B8+NWQhmdsm0VXOJtobBCf1dBQmebCCo34qZmUwZfIH2MZLqNHazrfjg==}
    dev: false

  /consola@3.2.3:
    resolution: {integrity: sha512-I5qxpzLv+sJhTVEoLYNcTW+bThDCPsit0vLNKShZx6rLtpilNpmmeTPaeqJb9ZE9dV3DGaeby6Vuhrw38WjeyQ==}
    engines: {node: ^14.18.0 || >=16.10.0}
    dev: true

  /console@0.7.2:
    resolution: {integrity: sha512-+JSDwGunA4MTEgAV/4VBKwUHonP8CzJ/6GIuwPi6acKFqFfHUdSGCm89ZxZ5FfGWdZfkdgAroy5bJ5FSeN/t4g==}
    dev: true

  /constant-case@3.0.4:
    resolution: {integrity: sha512-I2hSBi7Vvs7BEuJDr5dDHfzb/Ruj3FyvFyh7KLilAjNQw3Be+xgqUBA2W6scVEcL0hL1dwPRtIqEPVUCKkSsyQ==}
    dependencies:
      no-case: 3.0.4
      tslib: 2.3.0
      upper-case: 2.0.2
    dev: true

  /csstype@2.6.21:
    resolution: {integrity: sha512-Z1PhmomIfypOpoMjRQB70jfvy/wxT50qW08YXO5lMIJkrdq4yOTR+AW7FqutScmB9NkLwxo+jU+kZLbofZZq/w==}

  /dayjs@1.11.9:
    resolution: {integrity: sha512-QvzAURSbQ0pKdIye2txOzNaHmxtUBXerpY0FJsFXUMKbIZeFm5ht1LS/jFsrncjnmtv8HsG0W2g6c0zUjZWmpA==}
    dev: false

  /de-indent@1.0.2:
    resolution: {integrity: sha512-e/1zu3xH5MQryN2zdVaF0OrdNLUbvWxzMbi+iNA6Bky7l1RoP8a2fIbRocyHclXt/arDrrR6lL3TqFD9pMQTsg==}
    dev: true

  /dot-case@3.0.4:
    resolution: {integrity: sha512-Kv5nKlh6yRrdrGvxeJ2e5y2eRUpkUosIW4A2AS38zwSz27zu7ufDwQPi5Jhs3XAlGNetl3bmnGhQsMtkKJnj3w==}
    dependencies:
      no-case: 3.0.4
      tslib: 2.3.0
    dev: true

  /echarts@5.4.2:
    resolution: {integrity: sha512-2W3vw3oI2tWJdyAz+b8DuWS0nfXtSDqlDmqgin/lfzbkB01cuMEN66KWBlmur3YMp5nEDEEt5s23pllnAzB4EA==}
    dependencies:
      tslib: 2.3.0
      zrender: 5.4.3
    dev: false

  /es-module-lexer@0.9.3:
    resolution: {integrity: sha512-1HQ2M2sPtxwnvOvT1ZClHyQDiggdNjURWpY2we6aMKCQiUVxTmVs2UYPLIrD84sS+kMdUwfBSylbJPwNnBrnHQ==}
    dev: true

  /esbuild@0.17.18:
    resolution: {integrity: sha512-z1lix43jBs6UKjcZVKOw2xx69ffE2aG0PygLL5qJ9OS/gy0Ewd1gW/PUQIOIQGXBHWNywSc0floSKoMFF8aK2w==}
    engines: {node: '>=12'}
    hasBin: true
    requiresBuild: true
    optionalDependencies:
      '@esbuild/android-arm': 0.17.18
      '@esbuild/android-arm64': 0.17.18
      '@esbuild/android-x64': 0.17.18
      '@esbuild/darwin-arm64': 0.17.18
      '@esbuild/darwin-x64': 0.17.18
      '@esbuild/freebsd-arm64': 0.17.18
      '@esbuild/freebsd-x64': 0.17.18
      '@esbuild/linux-arm': 0.17.18
      '@esbuild/linux-arm64': 0.17.18
      '@esbuild/linux-ia32': 0.17.18
      '@esbuild/linux-loong64': 0.17.18
      '@esbuild/linux-mips64el': 0.17.18
      '@esbuild/linux-ppc64': 0.17.18
      '@esbuild/linux-riscv64': 0.17.18
      '@esbuild/linux-s390x': 0.17.18
      '@esbuild/linux-x64': 0.17.18
      '@esbuild/netbsd-x64': 0.17.18
      '@esbuild/openbsd-x64': 0.17.18
      '@esbuild/sunos-x64': 0.17.18
      '@esbuild/win32-arm64': 0.17.18
      '@esbuild/win32-ia32': 0.17.18
      '@esbuild/win32-x64': 0.17.18
    dev: true

  /estree-walker@2.0.2:
    resolution: {integrity: sha512-Rfkk/Mp/DL7JVje3u18FxFujQlTNR2q6QfMSMB7AvCBx91NGj/ba3kCfza0f6dVDbw7YlRf/nDrn7pQrCCyQ/w==}

  /fill-range@7.0.1:
    resolution: {integrity: sha512-qOo9F+dMUmC2Lcb4BbVvnKJxTPjCm+RRpe4gDuGrzkL7mEVl/djYSu2OdQ2Pa302N4oqkSg9ir6jaLWJ2USVpQ==}
    engines: {node: '>=8'}
    dependencies:
      to-regex-range: 5.0.1
    dev: true

  /fs-extra@10.1.0:
    resolution: {integrity: sha512-oRXApq54ETRj4eMiFzGnHWGy+zo5raudjuxN0b8H7s/RU2oW0Wvsx9O0ACRN/kRq9E8Vu/ReskGB5o3ji+FzHQ==}
    engines: {node: '>=12'}
    dependencies:
      graceful-fs: 4.2.11
      jsonfile: 6.1.0
      universalify: 2.0.0
    dev: true

  /fsevents@2.3.2:
    resolution: {integrity: sha512-xiqMQR4xAeHTuB9uWm+fFRcIOgKBMiOBP+eXiyT7jsgVCq1bkVygt00oASowB7EdtpOHaaPgKt812P9ab+DDKA==}
    engines: {node: ^8.16.0 || ^10.6.0 || >=11.0.0}
    os: [darwin]
    requiresBuild: true
    dev: true
    optional: true

  /glob-parent@5.1.2:
    resolution: {integrity: sha512-AOIgSQCepiJYwP3ARnGx+5VnTu2HBYdzbGP45eLw1vr3zB3vZLeyed1sC9hnbcOc9/SrMyM5RPQrkGz4aS9Zow==}
    engines: {node: '>= 6'}
    dependencies:
      is-glob: 4.0.3
    dev: true

  /graceful-fs@4.2.11:
    resolution: {integrity: sha512-RbJ5/jmFcNNCcDV5o9eTnBLJ/HszWV0P73bc+Ff4nS/rJj+YaS6IGyiOL0VoBYX+l1Wrl3k63h/KrH+nhJ0XvQ==}
    dev: true

  /he@1.2.0:
    resolution: {integrity: sha512-F/1DnUGPopORZi0ni+CvrCgHQ5FyEAHRLSApuYWMmrbSwoN2Mn/7k+Gl38gJnR7yyDZk6WLXwiGod1JOWNDKGw==}
    hasBin: true
    dev: true

  /header-case@2.0.4:
    resolution: {integrity: sha512-H/vuk5TEEVZwrR0lp2zed9OCo1uAILMlx0JEMgC26rzyJJ3N1v6XkwHHXJQdR2doSjcGPM6OKPYoJgf0plJ11Q==}
    dependencies:
      capital-case: 1.0.4
      tslib: 2.3.0
    dev: true

  /immutable@4.3.0:
    resolution: {integrity: sha512-0AOCmOip+xgJwEVTQj1EfiDDOkPmuyllDuTuEX+DDXUgapLAsBIfkg3sxCYyCEA8mQqZrrxPUGjcOQ2JS3WLkg==}
    dev: true

  /is-arrayish@0.3.2:
    resolution: {integrity: sha512-eVRqCvVlZbuw3GrM63ovNSNAeA1K16kaR/LRY/92w0zxQ5/1YzwblUX652i4Xs9RwAGjW9d9y6X88t8OaAJfWQ==}
    dev: false

  /is-binary-path@2.1.0:
    resolution: {integrity: sha512-ZMERYes6pDydyuGidse7OsHxtbI7WVeUEozgR/g7rd0xUimYNlvZRE/K2MgZTjWy725IfelLeVcEM97mmtRGXw==}
    engines: {node: '>=8'}
    dependencies:
      binary-extensions: 2.2.0
    dev: true

  /is-extglob@2.1.1:
    resolution: {integrity: sha512-SbKbANkN603Vi4jEZv49LeVJMn4yGwsbzZworEoyEiutsN3nJYdbO36zfhGJ6QEDpOZIFkDtnq5JRxmvl3jsoQ==}
    engines: {node: '>=0.10.0'}
    dev: true

  /is-glob@4.0.3:
    resolution: {integrity: sha512-xelSayHH36ZgE7ZWhli7pW34hNbNl8Ojv5KVmkJD4hBdD3th8Tfk9vYasLM+mXWOZhFkgZfxhLSnrwRr4elSSg==}
    engines: {node: '>=0.10.0'}
    dependencies:
      is-extglob: 2.1.1
    dev: true

  /is-number@7.0.0:
    resolution: {integrity: sha512-41Cifkg6e8TylSpdtTpeLVMqvSBEVzTttHvERD741+pnZ8ANv0004MRL43QKPDlK9cGvNp6NZWZUBlbGXYxxng==}
    engines: {node: '>=0.12.0'}
    dev: true

  /jsonfile@6.1.0:
    resolution: {integrity: sha512-5dgndWOriYSm5cnYaJNhalLNDKOqFwyDB/rr1E9ZsGciGvKPs8R2xYGCacuf3z6K1YKDz182fd+fY3cn3pMqXQ==}
    dependencies:
      universalify: 2.0.0
    optionalDependencies:
      graceful-fs: 4.2.11
    dev: true

  /lower-case@2.0.2:
    resolution: {integrity: sha512-7fm3l3NAF9WfN6W3JOmf5drwpVqX78JtoGJ3A6W0a6ZnldM41w2fV5D490psKFTpMds8TJse/eHLFFsNHHjHgg==}
    dependencies:
      tslib: 2.3.0
    dev: true

  /lru-cache@6.0.0:
    resolution: {integrity: sha512-Jo6dJ04CmSjuznwJSS3pUeWmd/H0ffTlkXXgwZi+eq1UCmqQwCh+eLsYOYCwY991i2Fah4h1BEMCx4qThGbsiA==}
    engines: {node: '>=10'}
    dependencies:
      yallist: 4.0.0
    dev: true

  /magic-string@0.25.9:
    resolution: {integrity: sha512-RmF0AsMzgt25qzqqLc1+MbHmhdx0ojF2Fvs4XnOqz2ZOBXzzkEwc/dJQZCYHAn7v1jbVOjAZfK8msRn4BxO4VQ==}
    dependencies:
      sourcemap-codec: 1.4.8

  /magic-string@0.30.0:
    resolution: {integrity: sha512-LA+31JYDJLs82r2ScLrlz1GjSgu66ZV518eyWT+S8VhyQn/JL0u9MeBOvQMGYiPk1DBiSN9DDMOcXvigJZaViQ==}
    engines: {node: '>=12'}
    dependencies:
      '@jridgewell/sourcemap-codec': 1.4.15
    dev: true

  /minimatch@9.0.0:
    resolution: {integrity: sha512-0jJj8AvgKqWN05mrwuqi8QYKx1WmYSUoKSxu5Qhs9prezTz10sxAHGNZe9J9cqIJzta8DWsleh2KaVaLl6Ru2w==}
    engines: {node: '>=16 || 14 >=14.17'}
    dependencies:
      brace-expansion: 2.0.1
    dev: true

  /muggle-string@0.2.2:
    resolution: {integrity: sha512-YVE1mIJ4VpUMqZObFndk9CJu6DBJR/GB13p3tXuNbwD4XExaI5EOuRl6BHeIDxIqXZVxSfAC+y6U1Z/IxCfKUg==}
    dev: true

  /nanoid@3.3.6:
    resolution: {integrity: sha512-BGcqMMJuToF7i1rt+2PWSNVnWIkGCU78jBG3RxO/bZlnZPK2Cmi2QaffxGO/2RvWi9sL+FAiRiXMgsyxQ1DIDA==}
    engines: {node: ^10 || ^12 || ^13.7 || ^14 || >=15.0.1}
    hasBin: true

  /no-case@3.0.4:
    resolution: {integrity: sha512-fgAN3jGAh+RoxUGZHTSOLJIqUc2wmoBwGR4tbpNAKmmovFoWq0OdRkb0VkldReO2a2iBT/OEulG9XSUc10r3zg==}
    dependencies:
      lower-case: 2.0.2
      tslib: 2.3.0
    dev: true

  /normalize-path@3.0.0:
    resolution: {integrity: sha512-6eZs5Ls3WtCisHWp9S2GUy8dqkpGi4BVSz3GaqiE6ezub0512ESztXUwUB6C6IKbQkY2Pnb/mD4WYojCRwcwLA==}
    engines: {node: '>=0.10.0'}
    dev: true

  /number-precision@1.6.0:
    resolution: {integrity: sha512-05OLPgbgmnixJw+VvEh18yNPUo3iyp4BEWJcrLu4X9W05KmMifN7Mu5exYvQXqxxeNWhvIF+j3Rij+HmddM/hQ==}
    dev: false

  /param-case@3.0.4:
    resolution: {integrity: sha512-RXlj7zCYokReqWpOPH9oYivUzLYZ5vAPIfEmCTNViosC78F8F0H9y7T7gG2M39ymgutxF5gcFEsyZQSph9Bp3A==}
    dependencies:
      dot-case: 3.0.4
      tslib: 2.3.0
    dev: true

  /pascal-case@3.1.2:
    resolution: {integrity: sha512-uWlGT3YSnK9x3BQJaOdcZwrnV6hPpd8jFH1/ucpiLRPh/2zCVJKS19E4GvYHvaCcACn3foXZ0cLB9Wrx1KGe5g==}
    dependencies:
      no-case: 3.0.4
      tslib: 2.3.0
    dev: true

  /path-case@3.0.4:
    resolution: {integrity: sha512-qO4qCFjXqVTrcbPt/hQfhTQ+VhFsqNKOPtytgNKkKxSoEp3XPUQ8ObFuePylOIok5gjn69ry8XiULxCwot3Wfg==}
    dependencies:
      dot-case: 3.0.4
      tslib: 2.3.0
    dev: true

  /pathe@0.2.0:
    resolution: {integrity: sha512-sTitTPYnn23esFR3RlqYBWn4c45WGeLcsKzQiUpXJAyfcWkolvlYpV8FLo7JishK946oQwMFUCHXQ9AjGPKExw==}
    dev: true

  /picocolors@1.0.0:
    resolution: {integrity: sha512-1fygroTLlHu66zi26VoTDv8yRgm0Fccecssto+MhsZ0D/DGW2sm8E8AjW7NU5VVTRt5GxbeZ5qBuJr+HyLYkjQ==}

  /picomatch@2.3.1:
    resolution: {integrity: sha512-JU3teHTNjmE2VCGFzuY8EXzCDVwEqB2a8fsIvwaStHhAWJEeVd1o1QD80CU6+ZdEXXSLbSsuLwJjkCBWqRQUVA==}
    engines: {node: '>=8.6'}
    dev: true

  /postcss@8.4.23:
    resolution: {integrity: sha512-bQ3qMcpF6A/YjR55xtoTr0jGOlnPOKAIMdOWiv0EIT6HVPEaJiJB4NLljSbiHoC2RX7DN5Uvjtpbg1NPdwv1oA==}
    engines: {node: ^10 || ^12 || >=14}
    dependencies:
      nanoid: 3.3.6
      picocolors: 1.0.0
      source-map-js: 1.0.2

  /readdirp@3.6.0:
    resolution: {integrity: sha512-hOS089on8RduqdbhvQ5Z37A0ESjsqz6qnRcffsMU3495FuTdqSm+7bhJ29JvIOsBDEEnan5DPu9t3To9VRlMzA==}
    engines: {node: '>=8.10.0'}
    dependencies:
      picomatch: 2.3.1
    dev: true

  /resize-observer-polyfill@1.5.1:
    resolution: {integrity: sha512-LwZrotdHOo12nQuZlHEmtuXdqGoOD0OhaxopaNFxWzInpEgaLWoVuAMbTzixuosCx2nEG58ngzW3vxdWoxIgdg==}
    dev: false

  /rollup@3.21.5:
    resolution: {integrity: sha512-a4NTKS4u9PusbUJcfF4IMxuqjFzjm6ifj76P54a7cKnvVzJaG12BLVR+hgU2YDGHzyMMQNxLAZWuALsn8q2oQg==}
    engines: {node: '>=14.18.0', npm: '>=8.0.0'}
    hasBin: true
    optionalDependencies:
      fsevents: 2.3.2
    dev: true

  /sass@1.63.6:
    resolution: {integrity: sha512-MJuxGMHzaOW7ipp+1KdELtqKbfAWbH7OLIdoSMnVe3EXPMTmxTmlaZDCTsgIpPCs3w99lLo9/zDKkOrJuT5byw==}
    engines: {node: '>=14.0.0'}
    hasBin: true
    dependencies:
      chokidar: 3.5.3
      immutable: 4.3.0
      source-map-js: 1.0.2
    dev: true

  /scroll-into-view-if-needed@2.2.31:
    resolution: {integrity: sha512-dGCXy99wZQivjmjIqihaBQNjryrz5rueJY7eHfTdyWEiR4ttYpsajb14rn9s5d4DY4EcY6+4+U/maARBXJedkA==}
    dependencies:
      compute-scroll-into-view: 1.0.20
    dev: false

  /semver@7.5.0:
    resolution: {integrity: sha512-+XC0AD/R7Q2mPSRuy2Id0+CGTZ98+8f+KvwirxOKIEyid+XSx6HbC63p+O4IndTHuX5Z+JxQ0TghCkO5Cg/2HA==}
    engines: {node: '>=10'}
    hasBin: true
    dependencies:
      lru-cache: 6.0.0
    dev: true

  /sentence-case@3.0.4:
    resolution: {integrity: sha512-8LS0JInaQMCRoQ7YUytAo/xUu5W2XnQxV2HI/6uM6U7CITS1RqPElr30V6uIqyMKM9lJGRVFy5/4CuzcixNYSg==}
    dependencies:
      no-case: 3.0.4
      tslib: 2.3.0
      upper-case-first: 2.0.2
    dev: true

  /simple-swizzle@0.2.2:
    resolution: {integrity: sha512-JA//kQgZtbuY83m+xT+tXJkmJncGMTFT+C+g2h2R9uxkYIrE2yy9sgmcLhCnw57/WSD+Eh3J97FPEDFnbXnDUg==}
    dependencies:
      is-arrayish: 0.3.2
    dev: false

  /snake-case@3.0.4:
    resolution: {integrity: sha512-LAOh4z89bGQvl9pFfNF8V146i7o7/CqFPbqzYgP+yYzDIDeS9HaNFtXABamRW+AQzEVODcvE79ljJ+8a9YSdMg==}
    dependencies:
      dot-case: 3.0.4
      tslib: 2.3.0
    dev: true

  /source-map-js@1.0.2:
    resolution: {integrity: sha512-R0XvVJ9WusLiqTCEiGCmICCMplcCkIwwR11mOSD9CR5u+IXYdiseeEuXCVAjS54zqwkLcPNnmU4OeJ6tUrWhDw==}
    engines: {node: '>=0.10.0'}

  /source-map@0.6.1:
    resolution: {integrity: sha512-UjgapumWlbMhkBgzT7Ykc5YXUT46F0iKu8SGXq0bcwP5dz/h0Plj6enJqjz1Zbq2l5WaqYnrVbwWOWMyF3F47g==}
    engines: {node: '>=0.10.0'}

  /sourcemap-codec@1.4.8:
    resolution: {integrity: sha512-9NykojV5Uih4lgo5So5dtw+f0JgJX30KCNI8gwhz2J9A15wD0Ml6tjHKwf6fTSa6fAdVBdZeNOs9eJ71qCk8vA==}
    deprecated: Please use @jridgewell/sourcemap-codec instead

  /to-fast-properties@2.0.0:
    resolution: {integrity: sha512-/OaKK0xYrs3DmxRYqL/yDc+FxFUVYhDlXMhRmv3z915w2HF1tnN1omB354j8VUGO/hbRzyD6Y3sA7v7GS/ceog==}
    engines: {node: '>=4'}

  /to-regex-range@5.0.1:
    resolution: {integrity: sha512-65P7iz6X5yEr1cwcgvQxbbIw7Uk3gOy5dIdtZ4rDveLqhrdJP+Li/Hx6tyK0NEb+2GCyneCMJiGqrADCSNk8sQ==}
    engines: {node: '>=8.0'}
    dependencies:
      is-number: 7.0.0
    dev: true

  /tslib@2.3.0:
    resolution: {integrity: sha512-N82ooyxVNm6h1riLCoyS9e3fuJ3AMG2zIZs2Gd1ATcSFjSA23Q0fzjjZeh0jbJvWVDZ0cJT8yaNNaaXHzueNjg==}

  /typescript@5.0.4:
    resolution: {integrity: sha512-cW9T5W9xY37cc+jfEnaUvX91foxtHkza3Nw3wkoF4sSlKn0MONdkdEndig/qPBWXNkmplh3NzayQzCiHM4/hqw==}
    engines: {node: '>=12.20'}
    hasBin: true
    dev: true

  /universalify@2.0.0:
    resolution: {integrity: sha512-hAZsKq7Yy11Zu1DE0OzWjw7nnLZmJZYTDZZyEFHZdUhV8FkH5MCfoU1XMaxXovpyW5nq5scPqq0ZDP9Zyl04oQ==}
    engines: {node: '>= 10.0.0'}
    dev: true

  /upper-case-first@2.0.2:
    resolution: {integrity: sha512-514ppYHBaKwfJRK/pNC6c/OxfGa0obSnAl106u97Ed0I625Nin96KAjttZF6ZL3e1XLtphxnqrOi9iWgm+u+bg==}
    dependencies:
      tslib: 2.3.0
    dev: true

  /upper-case@2.0.2:
    resolution: {integrity: sha512-KgdgDGJt2TpuwBUIjgG6lzw2GWFRCW9Qkfkiv0DxqHHLYJHmtmdUIKcZd8rHgFSjopVTlw6ggzCm1b8MFQwikg==}
    dependencies:
      tslib: 2.3.0
    dev: true

  /vite-plugin-crx-mv3@0.1.2:
    resolution: {integrity: sha512-ZiRZtd7+wQmY1/tlOmuHP44qsT4B7zDVtNAF568hcJ4dqlDQWxHOhHy8AexgwiyVtpuNhljFBYlZddh9lAEE7g==}
    engines: {node: ^14.18.0 || >=16.0.0}
    dependencies:
      rollup: 3.21.5
      ws: 8.13.0
    transitivePeerDependencies:
      - bufferutil
      - utf-8-validate
    dev: true

  /vite-plugin-style-import@2.0.0(vite@4.3.5):
    resolution: {integrity: sha512-qtoHQae5dSUQPo/rYz/8p190VU5y19rtBaeV7ryLa/AYAU/e9CG89NrN/3+k7MR8mJy/GPIu91iJ3zk9foUOSA==}
    peerDependencies:
      vite: '>=2.0.0'
    dependencies:
      '@rollup/pluginutils': 4.2.1
      change-case: 4.1.2
      console: 0.7.2
      es-module-lexer: 0.9.3
      fs-extra: 10.1.0
      magic-string: 0.25.9
      pathe: 0.2.0
      vite: 4.3.5(@types/node@20.4.0)(sass@1.63.6)
    dev: true

  /vite@4.3.5(@types/node@20.4.0)(sass@1.63.6):
    resolution: {integrity: sha512-0gEnL9wiRFxgz40o/i/eTBwm+NEbpUeTWhzKrZDSdKm6nplj+z4lKz8ANDgildxHm47Vg8EUia0aicKbawUVVA==}
    engines: {node: ^14.18.0 || >=16.0.0}
    hasBin: true
    peerDependencies:
      '@types/node': '>= 14'
      less: '*'
      sass: '*'
      stylus: '*'
      sugarss: '*'
      terser: ^5.4.0
    peerDependenciesMeta:
      '@types/node':
        optional: true
      less:
        optional: true
      sass:
        optional: true
      stylus:
        optional: true
      sugarss:
        optional: true
      terser:
        optional: true
    dependencies:
      '@types/node': 20.4.0
      esbuild: 0.17.18
      postcss: 8.4.23
      rollup: 3.21.5
      sass: 1.63.6
    optionalDependencies:
      fsevents: 2.3.2
    dev: true

  /vue-template-compiler@2.7.14:
    resolution: {integrity: sha512-zyA5Y3ArvVG0NacJDkkzJuPQDF8RFeRlzV2vLeSnhSpieO6LK2OVbdLPi5MPPs09Ii+gMO8nY4S3iKQxBxDmWQ==}
    dependencies:
      de-indent: 1.0.2
      he: 1.2.0
    dev: true

  /vue-tsc@1.6.4(typescript@5.0.4):
    resolution: {integrity: sha512-8rg8S1AhRJ6/WriENQEhyqH5wsxSxuD5iaD+QnkZn2ArZ6evlhqfBAIcVN8mfSyCV9DeLkQXkOSv/MaeJiJPAQ==}
    hasBin: true
    peerDependencies:
      typescript: '*'
    dependencies:
      '@volar/vue-language-core': 1.6.4
      '@volar/vue-typescript': 1.6.4(typescript@5.0.4)
      semver: 7.5.0
      typescript: 5.0.4
    dev: true

  /vue@3.2.47:
    resolution: {integrity: sha512-60188y/9Dc9WVrAZeUVSDxRQOZ+z+y5nO2ts9jWXSTkMvayiWxCWOWtBQoYjLeccfXkiiPZWAHcV+WTPhkqJHQ==}
    dependencies:
      '@vue/compiler-dom': 3.2.47
      '@vue/compiler-sfc': 3.2.47
      '@vue/runtime-dom': 3.2.47
      '@vue/server-renderer': 3.2.47(vue@3.2.47)
      '@vue/shared': 3.2.47

  /ws@8.13.0:
    resolution: {integrity: sha512-x9vcZYTrFPC7aSIbj7sRCYo7L/Xb8Iy+pW0ng0wt2vCJv7M9HOMy0UoN3rr+IFC7hb7vXoqS+P9ktyLLLhO+LA==}
    engines: {node: '>=10.0.0'}
    peerDependencies:
      bufferutil: ^4.0.1
      utf-8-validate: '>=5.0.2'
    peerDependenciesMeta:
      bufferutil:
        optional: true
      utf-8-validate:
        optional: true
    dev: true

  /yallist@4.0.0:
    resolution: {integrity: sha512-3wdGidZyq5PB084XLES5TpOSRA3wjXAlIWMhum2kRcv/41Sn2emQ0dycQW4uZXLejwKvg6EsvbdlVL+FYEct7A==}
    dev: true

  /zrender@5.4.3:
    resolution: {integrity: sha512-DRUM4ZLnoaT0PBVvGBDO9oWIDBKFdAVieNWxWwK0niYzJCMwGchRk21/hsE+RKkIveH3XHCyvXcJDkgLVvfizQ==}
    dependencies:
      tslib: 2.3.0
    dev: false
